
Microsoft Visual Studio Solution File, Format Version 12.00
# Visual Studio Version 16
VisualStudioVersion = 16.0.30011.22
MinimumVisualStudioVersion = 15.0.26124.0
Project("{6EC3EE1D-3C4E-46DD-8F32-0CC8E7565705}") = "Tetris.Core", "src\Tetris.Core\Tetris.Core.fsproj", "{8364150B-3F9B-4117-A799-E7A7270B738B}"
EndProject
Project("{6EC3EE1D-3C4E-46DD-8F32-0CC8E7565705}") = "Tetris.Server.WebApi.Dtos", "src\Tetris.Server.WebApi.Dtos\Tetris.Server.WebApi.Dtos.fsproj", "{B267AC8C-F1CE-4CF0-83F4-8B0547262BA6}"
EndProject
Project("{6EC3EE1D-3C4E-46DD-8F32-0CC8E7565705}") = "Tetris.Server.WebApi", "src\Tetris.Server.WebApi\Tetris.Server.WebApi.fsproj", "{C54476A0-CF65-4F95-8B7C-00647AAB5EEF}"
EndProject
Project("{6EC3EE1D-3C4E-46DD-8F32-0CC8E7565705}") = "Tetris.Client.Web", "src\Tetris.Client.Web\Tetris.Client.Web.fsproj", "{570BFCBF-78AB-45C7-AAED-4DEB4DB7BC6F}"
EndProject
Global
	GlobalSection(SolutionConfigurationPlatforms) = preSolution
		Debug|Any CPU = Debug|Any CPU
		Debug|x64 = Debug|x64
		Debug|x86 = Debug|x86
		Release|Any CPU = Release|Any CPU
		Release|x64 = Release|x64
		Release|x86 = Release|x86
	EndGlobalSection
	GlobalSection(ProjectConfigurationPlatforms) = postSolution
		{8364150B-3F9B-4117-A799-E7A7270B738B}.Debug|Any CPU.ActiveCfg = Debug|Any CPU
		{8364150B-3F9B-4117-A799-E7A7270B738B}.Debug|Any CPU.Build.0 = Debug|Any CPU
		{8364150B-3F9B-4117-A799-E7A7270B738B}.Debug|x64.ActiveCfg = Debug|Any CPU
		{8364150B-3F9B-4117-A799-E7A7270B738B}.Debug|x64.Build.0 = Debug|Any CPU
		{8364150B-3F9B-4117-A799-E7A7270B738B}.Debug|x86.ActiveCfg = Debug|Any CPU
		{8364150B-3F9B-4117-A799-E7A7270B738B}.Debug|x86.Build.0 = Debug|Any CPU
		{8364150B-3F9B-4117-A799-E7A7270B738B}.Release|Any CPU.ActiveCfg = Release|Any CPU
		{8364150B-3F9B-4117-A799-E7A7270B738B}.Release|Any CPU.Build.0 = Release|Any CPU
		{8364150B-3F9B-4117-A799-E7A7270B738B}.Release|x64.ActiveCfg = Release|Any CPU
		{8364150B-3F9B-4117-A799-E7A7270B738B}.Release|x64.Build.0 = Release|Any CPU
		{8364150B-3F9B-4117-A799-E7A7270B738B}.Release|x86.ActiveCfg = Release|Any CPU
		{8364150B-3F9B-4117-A799-E7A7270B738B}.Release|x86.Build.0 = Release|Any CPU
		{B267AC8C-F1CE-4CF0-83F4-8B0547262BA6}.Debug|Any CPU.ActiveCfg = Debug|Any CPU
		{B267AC8C-F1CE-4CF0-83F4-8B0547262BA6}.Debug|Any CPU.Build.0 = Debug|Any CPU
		{B267AC8C-F1CE-4CF0-83F4-8B0547262BA6}.Debug|x64.ActiveCfg = Debug|Any CPU
		{B267AC8C-F1CE-4CF0-83F4-8B0547262BA6}.Debug|x64.Build.0 = Debug|Any CPU
		{B267AC8C-F1CE-4CF0-83F4-8B0547262BA6}.Debug|x86.ActiveCfg = Debug|Any CPU
		{B267AC8C-F1CE-4CF0-83F4-8B0547262BA6}.Debug|x86.Build.0 = Debug|Any CPU
		{B267AC8C-F1CE-4CF0-83F4-8B0547262BA6}.Release|Any CPU.ActiveCfg = Release|Any CPU
		{B267AC8C-F1CE-4CF0-83F4-8B0547262BA6}.Release|Any CPU.Build.0 = Release|Any CPU
		{B267AC8C-F1CE-4CF0-83F4-8B0547262BA6}.Release|x64.ActiveCfg = Release|Any CPU
		{B267AC8C-F1CE-4CF0-83F4-8B0547262BA6}.Release|x64.Build.0 = Release|Any CPU
		{B267AC8C-F1CE-4CF0-83F4-8B0547262BA6}.Release|x86.ActiveCfg = Release|Any CPU
		{B267AC8C-F1CE-4CF0-83F4-8B0547262BA6}.Release|x86.Build.0 = Release|Any CPU
		{C54476A0-CF65-4F95-8B7C-00647AAB5EEF}.Debug|Any CPU.ActiveCfg = Debug|Any CPU
		{C54476A0-CF65-4F95-8B7C-00647AAB5EEF}.Debug|Any CPU.Build.0 = Debug|Any CPU
		{C54476A0-CF65-4F95-8B7C-00647AAB5EEF}.Debug|x64.ActiveCfg = Debug|Any CPU
		{C54476A0-CF65-4F95-8B7C-00647AAB5EEF}.Debug|x64.Build.0 = Debug|Any CPU
		{C54476A0-CF65-4F95-8B7C-00647AAB5EEF}.Debug|x86.ActiveCfg = Debug|Any CPU
		{C54476A0-CF65-4F95-8B7C-00647AAB5EEF}.Debug|x86.Build.0 = Debug|Any CPU
		{C54476A0-CF65-4F95-8B7C-00647AAB5EEF}.Release|Any CPU.ActiveCfg = Release|Any CPU
		{C54476A0-CF65-4F95-8B7C-00647AAB5EEF}.Release|Any CPU.Build.0 = Release|Any CPU
		{C54476A0-CF65-4F95-8B7C-00647AAB5EEF}.Release|x64.ActiveCfg = Release|Any CPU
		{C54476A0-CF65-4F95-8B7C-00647AAB5EEF}.Release|x64.Build.0 = Release|Any CPU
		{C54476A0-CF65-4F95-8B7C-00647AAB5EEF}.Release|x86.ActiveCfg = Release|Any CPU
		{C54476A0-CF65-4F95-8B7C-00647AAB5EEF}.Release|x86.Build.0 = Release|Any CPU
		{570BFCBF-78AB-45C7-AAED-4DEB4DB7BC6F}.Debug|Any CPU.ActiveCfg = Debug|Any CPU
		{570BFCBF-78AB-45C7-AAED-4DEB4DB7BC6F}.Debug|Any CPU.Build.0 = Debug|Any CPU
		{570BFCBF-78AB-45C7-AAED-4DEB4DB7BC6F}.Debug|x64.ActiveCfg = Debug|Any CPU
		{570BFCBF-78AB-45C7-AAED-4DEB4DB7BC6F}.Debug|x64.Build.0 = Debug|Any CPU
		{570BFCBF-78AB-45C7-AAED-4DEB4DB7BC6F}.Debug|x86.ActiveCfg = Debug|Any CPU
		{570BFCBF-78AB-45C7-AAED-4DEB4DB7BC6F}.Debug|x86.Build.0 = Debug|Any CPU
		{570BFCBF-78AB-45C7-AAED-4DEB4DB7BC6F}.Release|Any CPU.ActiveCfg = Release|Any CPU
		{570BFCBF-78AB-45C7-AAED-4DEB4DB7BC6F}.Release|Any CPU.Build.0 = Release|Any CPU
		{570BFCBF-78AB-45C7-AAED-4DEB4DB7BC6F}.Release|x64.ActiveCfg = Release|Any CPU
		{570BFCBF-78AB-45C7-AAED-4DEB4DB7BC6F}.Release|x64.Build.0 = Release|Any CPU
		{570BFCBF-78AB-45C7-AAED-4DEB4DB7BC6F}.Release|x86.ActiveCfg = Release|Any CPU
		{570BFCBF-78AB-45C7-AAED-4DEB4DB7BC6F}.Release|x86.Build.0 = Release|Any CPU
	EndGlobalSection
	GlobalSection(SolutionProperties) = preSolution
		HideSolutionNode = FALSE
	EndGlobalSection
	GlobalSection(ExtensibilityGlobals) = postSolution
		SolutionGuid = {AE7C4667-AC64-427B-A927-8EF37BEA9B36}
	EndGlobalSection
EndGlobal
